# This file is automatically @generated by Cargo.
# It is not intended for manual editing.
version = 3

[[package]]
name = "day07"
version = "0.1.0"
dependencies = [
 "iterbox",
 "meaningful-lines",
]

[[package]]
name = "iterbox"
version = "0.1.0"

[[package]]
name = "meaningful-lines"
version = "0.1.0"
